<?xml version="1.0" encoding="utf-8"?>
<Project ToolsVersion="4.0" xmlns="http://schemas.microsoft.com/developer/msbuild/2003">
  <ItemGroup>
    <Filter Include="Source Files">
      <UniqueIdentifier>{4FC737F1-C7A5-4376-A066-2A32D752A2FF}</UniqueIdentifier>
      <Extensions>cpp;c;cc;cxx;def;odl;idl;hpj;bat;asm;asmx</Extensions>
    </Filter>
    <Filter Include="Header Files">
      <UniqueIdentifier>{93995380-89BD-4b04-88EB-625FBE52EBFB}</UniqueIdentifier>
      <Extensions>h;hpp;hxx;hm;inl;inc;xsd</Extensions>
    </Filter>
    <Filter Include="Resource Files">
      <UniqueIdentifier>{67DA6AB6-F800-4c08-8B7A-83BB121AAD01}</UniqueIdentifier>
      <Extensions>rc;ico;cur;bmp;dlg;rc2;rct;bin;rgs;gif;jpg;jpeg;jpe;resx;tiff;tif;png;wav;mfcribbon-ms</Extensions>
    </Filter>
    <Filter Include="Source Files\Objects">
      <UniqueIdentifier>{fa188973-3ed3-4c56-a726-97cdc1859b04}</UniqueIdentifier>
    </Filter>
    <Filter Include="Source Files\Objects\Bullets">
      <UniqueIdentifier>{cbf20c77-9d28-4081-b581-87d8ae271d0c}</UniqueIdentifier>
    </Filter>
    <Filter Include="Source Files\Objects\Enemies">
      <UniqueIdentifier>{e2132965-d4db-429a-867e-29a3d2b5ccdd}</UniqueIdentifier>
    </Filter>
    <Filter Include="Header Files\Objects">
      <UniqueIdentifier>{e766d5ff-910a-415d-80bc-b445c2e349e3}</UniqueIdentifier>
    </Filter>
    <Filter Include="Header Files\Objects\Bullets">
      <UniqueIdentifier>{fca56f9e-31bd-466c-bf6f-d3a48b4d6e55}</UniqueIdentifier>
    </Filter>
    <Filter Include="Header Files\Objects\Enemies">
      <UniqueIdentifier>{23267500-2e47-4ce4-9e74-02ca24153f4b}</UniqueIdentifier>
    </Filter>
    <Filter Include="Header Files\Objects\Players">
      <UniqueIdentifier>{71f81e6f-b6bd-4359-afba-59c72df644d9}</UniqueIdentifier>
    </Filter>
    <Filter Include="Source Files\Objects\Players">
      <UniqueIdentifier>{87d9f564-cc6f-45c7-9216-7e95be98e93b}</UniqueIdentifier>
    </Filter>
    <Filter Include="Source Files\Handlers">
      <UniqueIdentifier>{ffae8aad-28db-4f78-807d-df3297c8ac33}</UniqueIdentifier>
    </Filter>
    <Filter Include="Header Files\Handlers">
      <UniqueIdentifier>{da651238-fded-4060-9127-3e9a446b352d}</UniqueIdentifier>
    </Filter>
    <Filter Include="Source Files\Collections">
      <UniqueIdentifier>{8cec9782-7803-4ada-b816-550d5c65b2f1}</UniqueIdentifier>
    </Filter>
    <Filter Include="Header Files\Collections">
      <UniqueIdentifier>{cf3cd2a5-04a6-48ed-abfe-5d085a876b56}</UniqueIdentifier>
    </Filter>
  </ItemGroup>
  <ItemGroup>
    <ClCompile Include="Main.cpp">
      <Filter>Source Files</Filter>
    </ClCompile>
    <ClCompile Include="GameTimer.cpp">
      <Filter>Source Files</Filter>
    </ClCompile>
    <ClCompile Include="Graphics.cpp">
      <Filter>Source Files</Filter>
    </ClCompile>
    <ClCompile Include="Schedule.cpp">
      <Filter>Source Files</Filter>
    </ClCompile>
    <ClCompile Include="Bullet.cpp">
      <Filter>Source Files\Objects\Bullets</Filter>
    </ClCompile>
    <ClCompile Include="Enemy.cpp">
      <Filter>Source Files\Objects\Enemies</Filter>
    </ClCompile>
    <ClCompile Include="SpiralEnemy.cpp">
      <Filter>Source Files\Objects\Enemies</Filter>
    </ClCompile>
    <ClCompile Include="YSpeedBullet.cpp">
      <Filter>Source Files\Objects\Bullets</Filter>
    </ClCompile>
    <ClCompile Include="Player.cpp">
      <Filter>Source Files\Objects\Players</Filter>
    </ClCompile>
    <ClCompile Include="BulletHandler.cpp">
      <Filter>Source Files\Handlers</Filter>
    </ClCompile>
    <ClCompile Include="EnemyHandler.cpp">
      <Filter>Source Files\Handlers</Filter>
    </ClCompile>
    <ClCompile Include="GameHandler.cpp">
      <Filter>Source Files\Handlers</Filter>
    </ClCompile>
    <ClCompile Include="PlayerHandler.cpp">
      <Filter>Source Files\Handlers</Filter>
    </ClCompile>
    <ClCompile Include="InputHandler.cpp">
      <Filter>Source Files\Handlers</Filter>
    </ClCompile>
  </ItemGroup>
  <ItemGroup>
    <ClInclude Include="GameTimer.h">
      <Filter>Header Files</Filter>
    </ClInclude>
    <ClInclude Include="Graphics.h">
      <Filter>Header Files</Filter>
    </ClInclude>
    <ClInclude Include="Schedule.h">
      <Filter>Header Files</Filter>
    </ClInclude>
    <ClInclude Include="Bullet.h">
      <Filter>Header Files\Objects\Bullets</Filter>
    </ClInclude>
    <ClInclude Include="Enemy.h">
      <Filter>Header Files\Objects\Enemies</Filter>
    </ClInclude>
    <ClInclude Include="YSpeedBullet.h">
      <Filter>Header Files\Objects\Bullets</Filter>
    </ClInclude>
    <ClInclude Include="SpiralEnemy.h">
      <Filter>Header Files\Objects\Enemies</Filter>
    </ClInclude>
    <ClInclude Include="Player.h">
      <Filter>Header Files\Objects\Players</Filter>
    </ClInclude>
    <ClInclude Include="GameHandler.h">
      <Filter>Header Files\Handlers</Filter>
    </ClInclude>
    <ClInclude Include="EnemyHandler.h">
      <Filter>Header Files\Handlers</Filter>
    </ClInclude>
    <ClInclude Include="PlayerHandler.h">
      <Filter>Header Files\Handlers</Filter>
    </ClInclude>
    <ClInclude Include="BulletHandler.h">
      <Filter>Header Files\Handlers</Filter>
    </ClInclude>
    <ClInclude Include="InputHandler.h">
      <Filter>Header Files\Handlers</Filter>
    </ClInclude>
  </ItemGroup>
</Project>